# THIS IS AN AUTOGENERATED FILE. DO NOT EDIT THIS FILE DIRECTLY.
# yarn lockfile v1


google-protobuf@^3.2.0-rc.2:
  version "3.15.5"
  resolved "https://registry.yarnpkg.com/google-protobuf/-/google-protobuf-3.15.5.tgz#d011f334231e79b472e42d4e8ec7409cd402a747"
  integrity sha512-6bLpAI4nMIQODlegR7OevgkCoyOj5frLVDArUpeuBWad7XWUNWMGP0v5lz1/aeUI6Yf3cG9XA6acZkPxom4SEw==

lodash@^4.17.4:
  version "4.17.21"
  resolved "https://registry.yarnpkg.com/lodash/-/lodash-4.17.21.tgz#679591c564c3bffaae8454cf0b3df370c3d6911c"
  integrity sha512-v2kDEe57lecTulaDIuNTPy3Ry4gLGJ6Z1O3vE1krgXZNrsQ+LFTGHVxVjcXPs17LhbZVGedAJv8XZ1tvj5FvSg==

tensorjs@^0.2.0:
  version "0.2.0"
  resolved "https://registry.yarnpkg.com/tensorjs/-/tensorjs-0.2.0.tgz#ce348937a0a3fa3e8ce885bb4b412b5054f969bb"
  integrity sha1-zjSJN6Cj+j6M6IW7S0ErUFT5abs=
  dependencies:
    google-protobuf "^3.2.0-rc.2"
    lodash "^4.17.4"

tfjs@^0.6.0:
  version "0.6.0"
  resolved "https://registry.yarnpkg.com/tfjs/-/tfjs-0.6.0.tgz#370ee5d2112f573e63bbb70cd350b90677e119cc"
  integrity sha1-Nw7l0hEvVz5ju7cM01C5BnfhGcw=
  dependencies:
    tensorjs "^0.2.0"

typescript@^4.2.3:
  version "4.2.3"
  resolved "https://registry.yarnpkg.com/typescript/-/typescript-4.2.3.tgz#39062d8019912d43726298f09493d598048c1ce3"
  integrity sha512-qOcYwxaByStAWrBf4x0fibwZvMRG+r4cQoTjbPtUlrWjBHbmCAww1i448U0GJ+3cNNEtebDteo/cHOR3xJ4wEw==
